
Microsoft Visual Studio Solution File, Format Version 12.00
# Visual Studio Version 16
VisualStudioVersion = 16.0.29306.81
MinimumVisualStudioVersion = 10.0.40219.1
Project("{FAE04EC0-301F-11D3-BF4B-00C04F79EFBC}") = "Les2.UWP", "Les2\Les2.UWP\Les2.UWP.csproj", "{4F0390D0-2F15-43A9-8F88-C98A9BC1E688}"
EndProject
Project("{FAE04EC0-301F-11D3-BF4B-00C04F79EFBC}") = "Les2.Android", "Les2\Les2.Android\Les2.Android.csproj", "{4C1D89A5-69BA-47EF-98BC-C59B02A93776}"
EndProject
Project("{FAE04EC0-301F-11D3-BF4B-00C04F79EFBC}") = "Les2.iOS", "Les2\Les2.iOS\Les2.iOS.csproj", "{7B5BCE8E-6A6F-4233-BF69-85ECD3F0E235}"
EndProject
Project("{FAE04EC0-301F-11D3-BF4B-00C04F79EFBC}") = "Les2", "Les2\Les2\Les2.csproj", "{618C3A9E-FA2F-47F7-9EC2-18D1389DE7BB}"
EndProject
Global
	GlobalSection(SolutionConfigurationPlatforms) = preSolution
		Debug|Any CPU = Debug|Any CPU
		Debug|ARM = Debug|ARM
		Debug|iPhone = Debug|iPhone
		Debug|iPhoneSimulator = Debug|iPhoneSimulator
		Debug|x64 = Debug|x64
		Debug|x86 = Debug|x86
		Release|Any CPU = Release|Any CPU
		Release|ARM = Release|ARM
		Release|iPhone = Release|iPhone
		Release|iPhoneSimulator = Release|iPhoneSimulator
		Release|x64 = Release|x64
		Release|x86 = Release|x86
	EndGlobalSection
	GlobalSection(ProjectConfigurationPlatforms) = postSolution
		{4F0390D0-2F15-43A9-8F88-C98A9BC1E688}.Debug|Any CPU.ActiveCfg = Debug|x86
		{4F0390D0-2F15-43A9-8F88-C98A9BC1E688}.Debug|Any CPU.Build.0 = Debug|x86
		{4F0390D0-2F15-43A9-8F88-C98A9BC1E688}.Debug|Any CPU.Deploy.0 = Debug|x86
		{4F0390D0-2F15-43A9-8F88-C98A9BC1E688}.Debug|ARM.ActiveCfg = Debug|ARM
		{4F0390D0-2F15-43A9-8F88-C98A9BC1E688}.Debug|ARM.Build.0 = Debug|ARM
		{4F0390D0-2F15-43A9-8F88-C98A9BC1E688}.Debug|ARM.Deploy.0 = Debug|ARM
		{4F0390D0-2F15-43A9-8F88-C98A9BC1E688}.Debug|iPhone.ActiveCfg = Debug|x86
		{4F0390D0-2F15-43A9-8F88-C98A9BC1E688}.Debug|iPhone.Build.0 = Debug|x86
		{4F0390D0-2F15-43A9-8F88-C98A9BC1E688}.Debug|iPhone.Deploy.0 = Debug|x86
		{4F0390D0-2F15-43A9-8F88-C98A9BC1E688}.Debug|iPhoneSimulator.ActiveCfg = Debug|x86
		{4F0390D0-2F15-43A9-8F88-C98A9BC1E688}.Debug|iPhoneSimulator.Build.0 = Debug|x86
		{4F0390D0-2F15-43A9-8F88-C98A9BC1E688}.Debug|iPhoneSimulator.Deploy.0 = Debug|x86
		{4F0390D0-2F15-43A9-8F88-C98A9BC1E688}.Debug|x64.ActiveCfg = Debug|x64
		{4F0390D0-2F15-43A9-8F88-C98A9BC1E688}.Debug|x64.Build.0 = Debug|x64
		{4F0390D0-2F15-43A9-8F88-C98A9BC1E688}.Debug|x64.Deploy.0 = Debug|x64
		{4F0390D0-2F15-43A9-8F88-C98A9BC1E688}.Debug|x86.ActiveCfg = Debug|x86
		{4F0390D0-2F15-43A9-8F88-C98A9BC1E688}.Debug|x86.Build.0 = Debug|x86
		{4F0390D0-2F15-43A9-8F88-C98A9BC1E688}.Debug|x86.Deploy.0 = Debug|x86
		{4F0390D0-2F15-43A9-8F88-C98A9BC1E688}.Release|Any CPU.ActiveCfg = Release|x86
		{4F0390D0-2F15-43A9-8F88-C98A9BC1E688}.Release|Any CPU.Build.0 = Release|x86
		{4F0390D0-2F15-43A9-8F88-C98A9BC1E688}.Release|Any CPU.Deploy.0 = Release|x86
		{4F0390D0-2F15-43A9-8F88-C98A9BC1E688}.Release|ARM.ActiveCfg = Release|ARM
		{4F0390D0-2F15-43A9-8F88-C98A9BC1E688}.Release|ARM.Build.0 = Release|ARM
		{4F0390D0-2F15-43A9-8F88-C98A9BC1E688}.Release|ARM.Deploy.0 = Release|ARM
		{4F0390D0-2F15-43A9-8F88-C98A9BC1E688}.Release|iPhone.ActiveCfg = Release|x86
		{4F0390D0-2F15-43A9-8F88-C98A9BC1E688}.Release|iPhone.Build.0 = Release|x86
		{4F0390D0-2F15-43A9-8F88-C98A9BC1E688}.Release|iPhone.Deploy.0 = Release|x86
		{4F0390D0-2F15-43A9-8F88-C98A9BC1E688}.Release|iPhoneSimulator.ActiveCfg = Release|x86
		{4F0390D0-2F15-43A9-8F88-C98A9BC1E688}.Release|iPhoneSimulator.Build.0 = Release|x86
		{4F0390D0-2F15-43A9-8F88-C98A9BC1E688}.Release|iPhoneSimulator.Deploy.0 = Release|x86
		{4F0390D0-2F15-43A9-8F88-C98A9BC1E688}.Release|x64.ActiveCfg = Release|x64
		{4F0390D0-2F15-43A9-8F88-C98A9BC1E688}.Release|x64.Build.0 = Release|x64
		{4F0390D0-2F15-43A9-8F88-C98A9BC1E688}.Release|x64.Deploy.0 = Release|x64
		{4F0390D0-2F15-43A9-8F88-C98A9BC1E688}.Release|x86.ActiveCfg = Release|x86
		{4F0390D0-2F15-43A9-8F88-C98A9BC1E688}.Release|x86.Build.0 = Release|x86
		{4F0390D0-2F15-43A9-8F88-C98A9BC1E688}.Release|x86.Deploy.0 = Release|x86
		{4C1D89A5-69BA-47EF-98BC-C59B02A93776}.Debug|Any CPU.ActiveCfg = Debug|Any CPU
		{4C1D89A5-69BA-47EF-98BC-C59B02A93776}.Debug|Any CPU.Build.0 = Debug|Any CPU
		{4C1D89A5-69BA-47EF-98BC-C59B02A93776}.Debug|Any CPU.Deploy.0 = Debug|Any CPU
		{4C1D89A5-69BA-47EF-98BC-C59B02A93776}.Debug|ARM.ActiveCfg = Debug|Any CPU
		{4C1D89A5-69BA-47EF-98BC-C59B02A93776}.Debug|ARM.Build.0 = Debug|Any CPU
		{4C1D89A5-69BA-47EF-98BC-C59B02A93776}.Debug|ARM.Deploy.0 = Debug|Any CPU
		{4C1D89A5-69BA-47EF-98BC-C59B02A93776}.Debug|iPhone.ActiveCfg = Debug|Any CPU
		{4C1D89A5-69BA-47EF-98BC-C59B02A93776}.Debug|iPhone.Build.0 = Debug|Any CPU
		{4C1D89A5-69BA-47EF-98BC-C59B02A93776}.Debug|iPhone.Deploy.0 = Debug|Any CPU
		{4C1D89A5-69BA-47EF-98BC-C59B02A93776}.Debug|iPhoneSimulator.ActiveCfg = Debug|Any CPU
		{4C1D89A5-69BA-47EF-98BC-C59B02A93776}.Debug|iPhoneSimulator.Build.0 = Debug|Any CPU
		{4C1D89A5-69BA-47EF-98BC-C59B02A93776}.Debug|iPhoneSimulator.Deploy.0 = Debug|Any CPU
		{4C1D89A5-69BA-47EF-98BC-C59B02A93776}.Debug|x64.ActiveCfg = Debug|Any CPU
		{4C1D89A5-69BA-47EF-98BC-C59B02A93776}.Debug|x64.Build.0 = Debug|Any CPU
		{4C1D89A5-69BA-47EF-98BC-C59B02A93776}.Debug|x64.Deploy.0 = Debug|Any CPU
		{4C1D89A5-69BA-47EF-98BC-C59B02A93776}.Debug|x86.ActiveCfg = Debug|Any CPU
		{4C1D89A5-69BA-47EF-98BC-C59B02A93776}.Debug|x86.Build.0 = Debug|Any CPU
		{4C1D89A5-69BA-47EF-98BC-C59B02A93776}.Debug|x86.Deploy.0 = Debug|Any CPU
		{4C1D89A5-69BA-47EF-98BC-C59B02A93776}.Release|Any CPU.ActiveCfg = Release|Any CPU
		{4C1D89A5-69BA-47EF-98BC-C59B02A93776}.Release|Any CPU.Build.0 = Release|Any CPU
		{4C1D89A5-69BA-47EF-98BC-C59B02A93776}.Release|Any CPU.Deploy.0 = Release|Any CPU
		{4C1D89A5-69BA-47EF-98BC-C59B02A93776}.Release|ARM.ActiveCfg = Release|Any CPU
		{4C1D89A5-69BA-47EF-98BC-C59B02A93776}.Release|ARM.Build.0 = Release|Any CPU
		{4C1D89A5-69BA-47EF-98BC-C59B02A93776}.Release|ARM.Deploy.0 = Release|Any CPU
		{4C1D89A5-69BA-47EF-98BC-C59B02A93776}.Release|iPhone.ActiveCfg = Release|Any CPU
		{4C1D89A5-69BA-47EF-98BC-C59B02A93776}.Release|iPhone.Build.0 = Release|Any CPU
		{4C1D89A5-69BA-47EF-98BC-C59B02A93776}.Release|iPhone.Deploy.0 = Release|Any CPU
		{4C1D89A5-69BA-47EF-98BC-C59B02A93776}.Release|iPhoneSimulator.ActiveCfg = Release|Any CPU
		{4C1D89A5-69BA-47EF-98BC-C59B02A93776}.Release|iPhoneSimulator.Build.0 = Release|Any CPU
		{4C1D89A5-69BA-47EF-98BC-C59B02A93776}.Release|iPhoneSimulator.Deploy.0 = Release|Any CPU
		{4C1D89A5-69BA-47EF-98BC-C59B02A93776}.Release|x64.ActiveCfg = Release|Any CPU
		{4C1D89A5-69BA-47EF-98BC-C59B02A93776}.Release|x64.Build.0 = Release|Any CPU
		{4C1D89A5-69BA-47EF-98BC-C59B02A93776}.Release|x64.Deploy.0 = Release|Any CPU
		{4C1D89A5-69BA-47EF-98BC-C59B02A93776}.Release|x86.ActiveCfg = Release|Any CPU
		{4C1D89A5-69BA-47EF-98BC-C59B02A93776}.Release|x86.Build.0 = Release|Any CPU
		{4C1D89A5-69BA-47EF-98BC-C59B02A93776}.Release|x86.Deploy.0 = Release|Any CPU
		{7B5BCE8E-6A6F-4233-BF69-85ECD3F0E235}.Debug|Any CPU.ActiveCfg = Debug|iPhone
		{7B5BCE8E-6A6F-4233-BF69-85ECD3F0E235}.Debug|Any CPU.Build.0 = Debug|iPhone
		{7B5BCE8E-6A6F-4233-BF69-85ECD3F0E235}.Debug|Any CPU.Deploy.0 = Debug|iPhone
		{7B5BCE8E-6A6F-4233-BF69-85ECD3F0E235}.Debug|ARM.ActiveCfg = Debug|iPhoneSimulator
		{7B5BCE8E-6A6F-4233-BF69-85ECD3F0E235}.Debug|ARM.Build.0 = Debug|iPhoneSimulator
		{7B5BCE8E-6A6F-4233-BF69-85ECD3F0E235}.Debug|ARM.Deploy.0 = Debug|iPhoneSimulator
		{7B5BCE8E-6A6F-4233-BF69-85ECD3F0E235}.Debug|iPhone.ActiveCfg = Debug|iPhone
		{7B5BCE8E-6A6F-4233-BF69-85ECD3F0E235}.Debug|iPhone.Build.0 = Debug|iPhone
		{7B5BCE8E-6A6F-4233-BF69-85ECD3F0E235}.Debug|iPhone.Deploy.0 = Debug|iPhone
		{7B5BCE8E-6A6F-4233-BF69-85ECD3F0E235}.Debug|iPhoneSimulator.ActiveCfg = Debug|iPhoneSimulator
		{7B5BCE8E-6A6F-4233-BF69-85ECD3F0E235}.Debug|iPhoneSimulator.Build.0 = Debug|iPhoneSimulator
		{7B5BCE8E-6A6F-4233-BF69-85ECD3F0E235}.Debug|iPhoneSimulator.Deploy.0 = Debug|iPhoneSimulator
		{7B5BCE8E-6A6F-4233-BF69-85ECD3F0E235}.Debug|x64.ActiveCfg = Debug|iPhone
		{7B5BCE8E-6A6F-4233-BF69-85ECD3F0E235}.Debug|x64.Build.0 = Debug|iPhone
		{7B5BCE8E-6A6F-4233-BF69-85ECD3F0E235}.Debug|x64.Deploy.0 = Debug|iPhone
		{7B5BCE8E-6A6F-4233-BF69-85ECD3F0E235}.Debug|x86.ActiveCfg = Debug|iPhone
		{7B5BCE8E-6A6F-4233-BF69-85ECD3F0E235}.Debug|x86.Build.0 = Debug|iPhone
		{7B5BCE8E-6A6F-4233-BF69-85ECD3F0E235}.Debug|x86.Deploy.0 = Debug|iPhone
		{7B5BCE8E-6A6F-4233-BF69-85ECD3F0E235}.Release|Any CPU.ActiveCfg = Release|iPhone
		{7B5BCE8E-6A6F-4233-BF69-85ECD3F0E235}.Release|Any CPU.Build.0 = Release|iPhone
		{7B5BCE8E-6A6F-4233-BF69-85ECD3F0E235}.Release|Any CPU.Deploy.0 = Release|iPhone
		{7B5BCE8E-6A6F-4233-BF69-85ECD3F0E235}.Release|ARM.ActiveCfg = Release|iPhone
		{7B5BCE8E-6A6F-4233-BF69-85ECD3F0E235}.Release|ARM.Build.0 = Release|iPhone
		{7B5BCE8E-6A6F-4233-BF69-85ECD3F0E235}.Release|ARM.Deploy.0 = Release|iPhone
		{7B5BCE8E-6A6F-4233-BF69-85ECD3F0E235}.Release|iPhone.ActiveCfg = Release|iPhone
		{7B5BCE8E-6A6F-4233-BF69-85ECD3F0E235}.Release|iPhone.Build.0 = Release|iPhone
		{7B5BCE8E-6A6F-4233-BF69-85ECD3F0E235}.Release|iPhone.Deploy.0 = Release|iPhone
		{7B5BCE8E-6A6F-4233-BF69-85ECD3F0E235}.Release|iPhoneSimulator.ActiveCfg = Release|iPhoneSimulator
		{7B5BCE8E-6A6F-4233-BF69-85ECD3F0E235}.Release|iPhoneSimulator.Build.0 = Release|iPhoneSimulator
		{7B5BCE8E-6A6F-4233-BF69-85ECD3F0E235}.Release|iPhoneSimulator.Deploy.0 = Release|iPhoneSimulator
		{7B5BCE8E-6A6F-4233-BF69-85ECD3F0E235}.Release|x64.ActiveCfg = Release|iPhone
		{7B5BCE8E-6A6F-4233-BF69-85ECD3F0E235}.Release|x64.Build.0 = Release|iPhone
		{7B5BCE8E-6A6F-4233-BF69-85ECD3F0E235}.Release|x64.Deploy.0 = Release|iPhone
		{7B5BCE8E-6A6F-4233-BF69-85ECD3F0E235}.Release|x86.ActiveCfg = Release|iPhone
		{7B5BCE8E-6A6F-4233-BF69-85ECD3F0E235}.Release|x86.Build.0 = Release|iPhone
		{7B5BCE8E-6A6F-4233-BF69-85ECD3F0E235}.Release|x86.Deploy.0 = Release|iPhone
		{618C3A9E-FA2F-47F7-9EC2-18D1389DE7BB}.Debug|Any CPU.ActiveCfg = Debug|Any CPU
		{618C3A9E-FA2F-47F7-9EC2-18D1389DE7BB}.Debug|Any CPU.Build.0 = Debug|Any CPU
		{618C3A9E-FA2F-47F7-9EC2-18D1389DE7BB}.Debug|Any CPU.Deploy.0 = Debug|Any CPU
		{618C3A9E-FA2F-47F7-9EC2-18D1389DE7BB}.Debug|ARM.ActiveCfg = Debug|Any CPU
		{618C3A9E-FA2F-47F7-9EC2-18D1389DE7BB}.Debug|ARM.Build.0 = Debug|Any CPU
		{618C3A9E-FA2F-47F7-9EC2-18D1389DE7BB}.Debug|ARM.Deploy.0 = Debug|Any CPU
		{618C3A9E-FA2F-47F7-9EC2-18D1389DE7BB}.Debug|iPhone.ActiveCfg = Debug|Any CPU
		{618C3A9E-FA2F-47F7-9EC2-18D1389DE7BB}.Debug|iPhone.Build.0 = Debug|Any CPU
		{618C3A9E-FA2F-47F7-9EC2-18D1389DE7BB}.Debug|iPhone.Deploy.0 = Debug|Any CPU
		{618C3A9E-FA2F-47F7-9EC2-18D1389DE7BB}.Debug|iPhoneSimulator.ActiveCfg = Debug|Any CPU
		{618C3A9E-FA2F-47F7-9EC2-18D1389DE7BB}.Debug|iPhoneSimulator.Build.0 = Debug|Any CPU
		{618C3A9E-FA2F-47F7-9EC2-18D1389DE7BB}.Debug|iPhoneSimulator.Deploy.0 = Debug|Any CPU
		{618C3A9E-FA2F-47F7-9EC2-18D1389DE7BB}.Debug|x64.ActiveCfg = Debug|Any CPU
		{618C3A9E-FA2F-47F7-9EC2-18D1389DE7BB}.Debug|x64.Build.0 = Debug|Any CPU
		{618C3A9E-FA2F-47F7-9EC2-18D1389DE7BB}.Debug|x64.Deploy.0 = Debug|Any CPU
		{618C3A9E-FA2F-47F7-9EC2-18D1389DE7BB}.Debug|x86.ActiveCfg = Debug|Any CPU
		{618C3A9E-FA2F-47F7-9EC2-18D1389DE7BB}.Debug|x86.Build.0 = Debug|Any CPU
		{618C3A9E-FA2F-47F7-9EC2-18D1389DE7BB}.Debug|x86.Deploy.0 = Debug|Any CPU
		{618C3A9E-FA2F-47F7-9EC2-18D1389DE7BB}.Release|Any CPU.ActiveCfg = Release|Any CPU
		{618C3A9E-FA2F-47F7-9EC2-18D1389DE7BB}.Release|Any CPU.Build.0 = Release|Any CPU
		{618C3A9E-FA2F-47F7-9EC2-18D1389DE7BB}.Release|Any CPU.Deploy.0 = Release|Any CPU
		{618C3A9E-FA2F-47F7-9EC2-18D1389DE7BB}.Release|ARM.ActiveCfg = Release|Any CPU
		{618C3A9E-FA2F-47F7-9EC2-18D1389DE7BB}.Release|ARM.Build.0 = Release|Any CPU
		{618C3A9E-FA2F-47F7-9EC2-18D1389DE7BB}.Release|ARM.Deploy.0 = Release|Any CPU
		{618C3A9E-FA2F-47F7-9EC2-18D1389DE7BB}.Release|iPhone.ActiveCfg = Release|Any CPU
		{618C3A9E-FA2F-47F7-9EC2-18D1389DE7BB}.Release|iPhone.Build.0 = Release|Any CPU
		{618C3A9E-FA2F-47F7-9EC2-18D1389DE7BB}.Release|iPhone.Deploy.0 = Release|Any CPU
		{618C3A9E-FA2F-47F7-9EC2-18D1389DE7BB}.Release|iPhoneSimulator.ActiveCfg = Release|Any CPU
		{618C3A9E-FA2F-47F7-9EC2-18D1389DE7BB}.Release|iPhoneSimulator.Build.0 = Release|Any CPU
		{618C3A9E-FA2F-47F7-9EC2-18D1389DE7BB}.Release|iPhoneSimulator.Deploy.0 = Release|Any CPU
		{618C3A9E-FA2F-47F7-9EC2-18D1389DE7BB}.Release|x64.ActiveCfg = Release|Any CPU
		{618C3A9E-FA2F-47F7-9EC2-18D1389DE7BB}.Release|x64.Build.0 = Release|Any CPU
		{618C3A9E-FA2F-47F7-9EC2-18D1389DE7BB}.Release|x64.Deploy.0 = Release|Any CPU
		{618C3A9E-FA2F-47F7-9EC2-18D1389DE7BB}.Release|x86.ActiveCfg = Release|Any CPU
		{618C3A9E-FA2F-47F7-9EC2-18D1389DE7BB}.Release|x86.Build.0 = Release|Any CPU
		{618C3A9E-FA2F-47F7-9EC2-18D1389DE7BB}.Release|x86.Deploy.0 = Release|Any CPU
	EndGlobalSection
	GlobalSection(SolutionProperties) = preSolution
		HideSolutionNode = FALSE
	EndGlobalSection
	GlobalSection(ExtensibilityGlobals) = postSolution
		SolutionGuid = {37D9EA48-FC09-4C79-91EC-4F0844969F3E}
	EndGlobalSection
EndGlobal
